{
  "originHash" : "efa489f3c37e6ecf0764c927f14355d4742835066968c8a13ef5996468434fed",
  "pins" : [
    {
      "identity" : "swift-youtube-transcript",
      "kind" : "remoteSourceControl",
      "location" : "https://github.com/skainguyen1412/swift-youtube-transcript",
      "state" : {
        "revision" : "e6fb610ee78d5dff8c8c81589875d43cbc9ef856",
        "version" : "1.0.0"
      }
    },
    {
      "identity" : "youtubekit",
      "kind" : "remoteSourceControl",
      "location" : "https://github.com/alexeichhorn/YouTubeKit",
      "state" : {
        "revision" : "481c8e3a924ccad893197bdc4577424fae952853",
        "version" : "0.4.0"
      }
    }
  ],
  "version" : 3
}
